hash: 3c870e12488c9ad16bb3f138e8480630348d77cf34997dea0f0233f266bd9939
updated: 2016-07-13T19:12:53.889393732+09:00
imports:
- name: github.com/boj/redistore
  version: fc113767cd6b051980f260d6dbe84b2740c46ab0
- name: github.com/dgrijalva/jwt-go
  version: f0777076321ab64f6efc15a82d9d23b98539b943
- name: github.com/echo-contrib/sessions
  version: ef00243ed2a466219aa1dbed74bb5eb31c005667
- name: github.com/garyburd/redigo
  version: b8dc90050f24c1a73a52f107f3f575be67b21b7c
  subpackages:
  - redis
  - internal
- name: github.com/go-sql-driver/mysql
  version: 3654d25ec346ee8ce71a68431025458d52a38ac0
- name: github.com/gocraft/dbr
  version: 78b5b74da0b8bcbe167cc4c55d3383b6893848c3
  subpackages:
  - dialect
- name: github.com/gorilla/context
  version: aed02d124ae4a0e94fea4541c8effd05bf0c8296
- name: github.com/gorilla/securecookie
  version: ff356348f74133a59d3e93aa24b5b4551b6fe90d
- name: github.com/gorilla/sessions
  version: 56ba4b0a11da87516629a57408a5f7e4c8ea7b0b
- name: github.com/klauspost/compress
  version: 14eb9c4951195779ecfbec34431a976de7335b0a
  subpackages:
  - flate
  - gzip
  - zlib
- name: github.com/klauspost/cpuid
  version: 09cded8978dc9e80714c4d85b0322337b0a1e5e0
- name: github.com/klauspost/crc32
  version: 19b0b332c9e4516a6370a0456e6182c3b5036720
- name: github.com/labstack/echo
  version: c00d017178d23261895b096b6e39e9b6bbca37dc
  subpackages:
  - engine/standard
  - middleware
  - engine
  - log
- name: github.com/labstack/gommon
  version: 722aa12d41c236ce78ff48eac1cafe0107ecdc9d
  subpackages:
  - log
  - bytes
  - color
- name: github.com/mattn/go-colorable
  version: 9056b7a9f2d1f2d96498d6d146acd1f9d5ed3d59
- name: github.com/mattn/go-isatty
  version: 56b76bdf51f7708750eac80fa38b952bb9f32639
- name: github.com/Sirupsen/logrus
  version: f3cfb454f4c209e6668c95216c4744b8fddb2356
- name: github.com/valyala/bytebufferpool
  version: 8ebd0474e5a2f0a5c7a74ad2bf421a1d1a90264f
- name: github.com/valyala/fasthttp
  version: 886e5411604884629c566961ea8ed2cec074e4b1
  subpackages:
  - fasthttputil
- name: github.com/valyala/fasttemplate
  version: 3b874956e03f1636d171bda64b130f9135f42cff
- name: golang.org/x/net
  version: b400c2eff1badec7022a8c8f5bea058b6315eed7
  subpackages:
  - context
- name: golang.org/x/sys
  version: a408501be4d17ee978c04a618e7a1b22af058c0e
  subpackages:
  - unix
devImports: []
